lockfile_version: '1'
generated_at: '2026-06-03T11:15:04.868603+00:00'
apm_version: 0.16.1
dependencies:
- repo_url: _local/agents
  package_type: apm_package
  deployed_files:
  - .claude/commands/whatchanged.md
  - .claude/rules/architecture.md
  - .claude/rules/code-police-rules.md
  - .claude/rules/nix.md
  - .claude/rules/workflow.md
  deployed_file_hashes:
    .claude/commands/whatchanged.md: sha256:f9a028fb1d7b73cb422e3dabad3bc82077559c21764c012fd4d6e31db9c60e52
    .claude/rules/architecture.md: sha256:0f47ba876432c25a2cd54e3ed7995e8bbbb8b383fe3b790b0b3e252949c18032
    .claude/rules/code-police-rules.md: sha256:5d8e834b0eb1fcde0ddd76a2d0dd656d105b46fa83c829ab13d00eafb5dc7619
    .claude/rules/nix.md: sha256:b68a6e6d25ee04662cc7a1be45d524cbd4e2516a23360eeadd1d065b12e9a172
    .claude/rules/workflow.md: sha256:860e49c957617d6d3a25c964c188ff111fd1d1c80a0ada2b70c066395c6405b4
  source: local
  local_path: ./agents
- repo_url: srid/agency
  host: github.com
  resolved_commit: 6d53751b5fb42cc2c55b9072b314f3cdd0449ecb
  resolved_ref: master
  package_type: apm_package
  deployed_files:
  - .claude/agents/hickey.md
  - .claude/agents/lowy.md
  - .claude/hooks/agency/scripts/do-stop-guard.sh
  - .claude/rules/apm-sources.md
  - .claude/skills/code-police
  - .claude/skills/do
  - .claude/skills/elegance
  - .claude/skills/fact-check
  - .claude/skills/forge-pr
  - .claude/skills/hickey
  - .claude/skills/lowy
  - .claude/skills/ralph
  - .claude/skills/talk
  deployed_file_hashes:
    .claude/agents/hickey.md: sha256:10d9a4350a85752dc6658af8e0efb3d8be41803a2b6c73464e3d5b7a840435ad
    .claude/agents/lowy.md: sha256:05aff7f6a91149a42c1fb9a3ca382a6f77bc39ac8a8d45436d443dd3349fb11e
    .claude/hooks/agency/scripts/do-stop-guard.sh: sha256:cb033f86c15ffd3d09d8e4b74a61f55a70def4cc4131cc013b7368a2d23f3f33
    .claude/rules/apm-sources.md: sha256:0d34f182279b93803855bd7f7b27a57e7cf3117ce4291d31a46294c629ee75d5
  content_hash: sha256:703dc7eb1a510ab80f5daa4cd7d9997ed1c748cb0942ff3ced88ac7bd062944b
