lockfile_version: '1'
generated_at: '2026-04-11T17:04:17.749187+00:00'
apm_version: 0.8.11
dependencies:
- repo_url: _local/agents
  package_type: apm_package
  deployed_files:
  - .claude/commands/whatchanged.md
  - .claude/rules/architecture.md
  - .claude/rules/code-police-rules.md
  - .claude/rules/nix.md
  - .claude/rules/workflow.md
  - .github/instructions/architecture.instructions.md
  - .github/instructions/code-police-rules.instructions.md
  - .github/instructions/nix.instructions.md
  - .github/instructions/workflow.instructions.md
  - .github/prompts/whatchanged.prompt.md
  source: local
  local_path: ./agents
- repo_url: srid/agency
  host: github.com
  resolved_commit: 888548f2483149ac304882942c60732916b34a01
  resolved_ref: master
  package_type: apm_package
  deployed_files:
  - .claude/commands/do.md
  - .claude/commands/talk.md
  - .claude/hooks/agency/scripts/do-stop-guard.sh
  - .claude/rules/apm-sources.md
  - .claude/skills/code-police
  - .claude/skills/forge-pr
  - .claude/skills/hickey
  - .github/hooks/agency-do-stop-guard.json
  - .github/hooks/scripts/agency/scripts/do-stop-guard.sh
  - .github/instructions/apm-sources.instructions.md
  - .github/prompts/do.prompt.md
  - .github/prompts/talk.prompt.md
  - .github/skills/code-police
  - .github/skills/forge-pr
  - .github/skills/hickey
  content_hash: sha256:50a863b06f45d845c85e2e959849cf2973752682ab1763adb51743196beaf487
